<?xml version="1.0" encoding="utf-8"?>
<Project ToolsVersion="4.0" xmlns="http://schemas.microsoft.com/developer/msbuild/2003">
  <ItemGroup>
    <Filter Include="sfgmk">
      <UniqueIdentifier>{4FC737F1-C7A5-4376-A066-2A32D752A2FF}</UniqueIdentifier>
      <Extensions>cpp;c;cc;cxx;def;odl;idl;hpj;bat;asm;asmx</Extensions>
    </Filter>
    <Filter Include="sfgmk\GameManager">
      <UniqueIdentifier>{8999168b-cfa8-45b4-a062-3297200a3af4}</UniqueIdentifier>
    </Filter>
    <Filter Include="sfgmk\DesignPattern">
      <UniqueIdentifier>{6d3c387b-5cc3-4104-b775-b96dad26681a}</UniqueIdentifier>
    </Filter>
    <Filter Include="sfgmk\Entity">
      <UniqueIdentifier>{0b1ee9db-11a2-4031-8bcc-64be11015601}</UniqueIdentifier>
    </Filter>
    <Filter Include="sfgmk\Camera">
      <UniqueIdentifier>{40d4481b-cd8e-41f6-881a-8d69b6e57e80}</UniqueIdentifier>
    </Filter>
    <Filter Include="sfgmk\Input">
      <UniqueIdentifier>{38679dc3-e702-4086-913a-4e58a09ffd0e}</UniqueIdentifier>
    </Filter>
    <Filter Include="sfgmk\Shader">
      <UniqueIdentifier>{c3b85852-dae4-47e9-b128-869bdd274095}</UniqueIdentifier>
    </Filter>
    <Filter Include="sfgmk\Shader\PostShader">
      <UniqueIdentifier>{42a2730a-9a76-4bd8-95b7-3d11c4b3e078}</UniqueIdentifier>
    </Filter>
    <Filter Include="sfgmk\StateMachine">
      <UniqueIdentifier>{f5a03185-ac87-4add-8a7e-3d63aede8b3c}</UniqueIdentifier>
    </Filter>
    <Filter Include="sfgmk\Sprite">
      <UniqueIdentifier>{302e946d-ff7a-452e-81c1-c2ce050a53fd}</UniqueIdentifier>
    </Filter>
    <Filter Include="sfgmk\Parser">
      <UniqueIdentifier>{5c68dfd4-0c4d-4c30-b397-3079275af121}</UniqueIdentifier>
    </Filter>
    <Filter Include="sfgmk\Console">
      <UniqueIdentifier>{fffb453b-06b7-472c-beae-998288000eed}</UniqueIdentifier>
    </Filter>
    <Filter Include="sfgmk\SoundManager">
      <UniqueIdentifier>{2ceba694-0873-4fa3-91d0-e1ac570155fc}</UniqueIdentifier>
    </Filter>
    <Filter Include="sfgmk\Entity\Transformation">
      <UniqueIdentifier>{75b9d5fd-cbaf-427a-b309-ae23000c8037}</UniqueIdentifier>
    </Filter>
    <Filter Include="sfgmk\Math">
      <UniqueIdentifier>{1030b467-fe7c-456b-be0c-c9212b461844}</UniqueIdentifier>
    </Filter>
    <Filter Include="sfgmk\DataManager">
      <UniqueIdentifier>{17bf9aca-4384-40eb-8bb0-49330c740a63}</UniqueIdentifier>
    </Filter>
    <Filter Include="sfgmk\StateMachine\State">
      <UniqueIdentifier>{3cd2e13b-41bd-4ac7-90a2-8ef7ffe25908}</UniqueIdentifier>
    </Filter>
    <Filter Include="sfgmk\Function">
      <UniqueIdentifier>{1c2b9c3a-08f9-40ba-8194-645dcd7f28bf}</UniqueIdentifier>
    </Filter>
    <Filter Include="sfgmk\Effect">
      <UniqueIdentifier>{3f31c3b3-adcc-4f34-965b-88618c4215df}</UniqueIdentifier>
    </Filter>
    <Filter Include="sfgmk\Effect\Grid">
      <UniqueIdentifier>{a1bb1aa2-4484-4a6b-9bdf-1345e77a06a1}</UniqueIdentifier>
    </Filter>
    <Filter Include="sfgmk\Physic">
      <UniqueIdentifier>{2b128423-4ee9-4a9b-94be-e554cad33799}</UniqueIdentifier>
    </Filter>
    <Filter Include="sfgmk\Entity\Transformation\Curbs">
      <UniqueIdentifier>{fc3b0b8a-2114-41f3-a243-e29ef59bdc8b}</UniqueIdentifier>
    </Filter>
    <Filter Include="sfgmk\Entity\Transformation\Basics Transformations">
      <UniqueIdentifier>{389098ba-91f8-48a9-9095-01e244515667}</UniqueIdentifier>
    </Filter>
    <Filter Include="sfgmk\Effect\Lightning bolt">
      <UniqueIdentifier>{1f3593d7-fdea-4b0e-80b7-5a82dd04dba9}</UniqueIdentifier>
    </Filter>
    <Filter Include="sfgmk\Effect\Text">
      <UniqueIdentifier>{1c93b079-28be-4107-b546-51a9af47b319}</UniqueIdentifier>
    </Filter>
    <Filter Include="Projet">
      <UniqueIdentifier>{0b3a3440-c796-4218-ae3a-fa440436c1cd}</UniqueIdentifier>
    </Filter>
  </ItemGroup>
  <ItemGroup>
    <ClCompile Include="stdafx.cpp">
      <Filter>sfgmk</Filter>
    </ClCompile>
    <ClCompile Include="SF_GMK\Engine\Core\Core.cpp">
      <Filter>sfgmk</Filter>
    </ClCompile>
    <ClCompile Include="SF_GMK\Engine\Core\GameManager.cpp">
      <Filter>sfgmk\GameManager</Filter>
    </ClCompile>
    <ClCompile Include="SF_GMK\Engine\Manager\DataManager\DataManager.cpp">
      <Filter>sfgmk\DataManager</Filter>
    </ClCompile>
    <ClCompile Include="SF_GMK\Engine\Manager\DebugManager\Console.cpp">
      <Filter>sfgmk\Console</Filter>
    </ClCompile>
    <ClCompile Include="SF_GMK\Engine\Manager\EntityManager\EntityManager.cpp">
      <Filter>sfgmk</Filter>
    </ClCompile>
    <ClCompile Include="SF_GMK\Engine\Manager\GraphicManager\Camera.cpp">
      <Filter>sfgmk\Camera</Filter>
    </ClCompile>
    <ClCompile Include="SF_GMK\Engine\Manager\GraphicManager\GraphicManager.cpp">
      <Filter>sfgmk</Filter>
    </ClCompile>
    <ClCompile Include="SF_GMK\Engine\Manager\GraphicManager\Parallaxe.cpp">
      <Filter>sfgmk\Camera</Filter>
    </ClCompile>
    <ClCompile Include="SF_GMK\Engine\Manager\InputManager\InputManager.cpp">
      <Filter>sfgmk\Input</Filter>
    </ClCompile>
    <ClCompile Include="SF_GMK\Engine\Manager\InputManager\Joystick.cpp">
      <Filter>sfgmk\Input</Filter>
    </ClCompile>
    <ClCompile Include="SF_GMK\Engine\Manager\InputManager\Keyboard.cpp">
      <Filter>sfgmk\Input</Filter>
    </ClCompile>
    <ClCompile Include="SF_GMK\Engine\Manager\InputManager\Mouse.cpp">
      <Filter>sfgmk\Input</Filter>
    </ClCompile>
    <ClCompile Include="SF_GMK\Engine\Manager\PhysicManager\PhysicManager.cpp">
      <Filter>sfgmk\Physic</Filter>
    </ClCompile>
    <ClCompile Include="SF_GMK\Engine\Manager\SoundManager\SoundManager.cpp">
      <Filter>sfgmk\SoundManager</Filter>
    </ClCompile>
    <ClCompile Include="SF_GMK\Engine\Manager\StateMachineManager\LoadingState\StateLoading.cpp">
      <Filter>sfgmk\StateMachine\State</Filter>
    </ClCompile>
    <ClCompile Include="SF_GMK\Engine\Manager\StateMachineManager\State.cpp">
      <Filter>sfgmk\StateMachine</Filter>
    </ClCompile>
    <ClCompile Include="SF_GMK\Engine\Manager\StateMachineManager\StateMachine.cpp">
      <Filter>sfgmk\StateMachine</Filter>
    </ClCompile>
    <ClCompile Include="SF_GMK\Engine\Manager\StateMachineManager\StateMachineManager.cpp">
      <Filter>sfgmk</Filter>
    </ClCompile>
    <ClCompile Include="SF_GMK\Entity\Transformation\EntityTransformation.cpp">
      <Filter>sfgmk\Entity\Transformation</Filter>
    </ClCompile>
    <ClCompile Include="SF_GMK\Entity\Transformation\TransformationBezier.cpp">
      <Filter>sfgmk\Entity\Transformation\Curbs</Filter>
    </ClCompile>
    <ClCompile Include="SF_GMK\Entity\Transformation\TransformationInterpolation.cpp">
      <Filter>sfgmk\Entity\Transformation\Curbs</Filter>
    </ClCompile>
    <ClCompile Include="SF_GMK\Entity\Transformation\TransformationRotation.cpp">
      <Filter>sfgmk\Entity\Transformation\Basics Transformations</Filter>
    </ClCompile>
    <ClCompile Include="SF_GMK\Entity\Transformation\TransformationTranslation.cpp">
      <Filter>sfgmk\Entity\Transformation\Basics Transformations</Filter>
    </ClCompile>
    <ClCompile Include="SF_GMK\Entity\Entity.cpp">
      <Filter>sfgmk\Entity</Filter>
    </ClCompile>
    <ClCompile Include="SF_GMK\Entity\EntityWithPv.cpp">
      <Filter>sfgmk\Entity</Filter>
    </ClCompile>
    <ClCompile Include="SF_GMK\Graphic\FX\Grid\BlackHole.cpp">
      <Filter>sfgmk\Effect\Grid</Filter>
    </ClCompile>
    <ClCompile Include="SF_GMK\Graphic\FX\Grid\Grid.cpp">
      <Filter>sfgmk\Effect\Grid</Filter>
    </ClCompile>
    <ClCompile Include="SF_GMK\Graphic\FX\Grid\PointMass.cpp">
      <Filter>sfgmk\Effect\Grid</Filter>
    </ClCompile>
    <ClCompile Include="SF_GMK\Graphic\FX\Grid\Spring.cpp">
      <Filter>sfgmk\Effect\Grid</Filter>
    </ClCompile>
    <ClCompile Include="SF_GMK\Graphic\FX\LightningBolt\LightningBolt.cpp">
      <Filter>sfgmk\Effect\Lightning bolt</Filter>
    </ClCompile>
    <ClCompile Include="SF_GMK\Graphic\FX\Shader\Bloom.cpp">
      <Filter>sfgmk\Effect\Grid</Filter>
    </ClCompile>
    <ClCompile Include="SF_GMK\Graphic\FX\Shader\PostShader.cpp">
      <Filter>sfgmk\Shader\PostShader</Filter>
    </ClCompile>
    <ClCompile Include="SF_GMK\Graphic\FX\Shader\ShaderWave.cpp">
      <Filter>sfgmk\Shader\PostShader</Filter>
    </ClCompile>
    <ClCompile Include="SF_GMK\Graphic\FX\Text\FxText.cpp">
      <Filter>sfgmk\Effect\Text</Filter>
    </ClCompile>
    <ClCompile Include="SF_GMK\Graphic\FX\Text\LightningText.cpp">
      <Filter>sfgmk\Effect\Text</Filter>
    </ClCompile>
    <ClCompile Include="SF_GMK\Graphic\Animation.cpp">
      <Filter>sfgmk\Sprite</Filter>
    </ClCompile>
    <ClCompile Include="SF_GMK\Graphic\Sprite.cpp">
      <Filter>sfgmk\Sprite</Filter>
    </ClCompile>
    <ClCompile Include="SF_GMK\Math\Curb\CoordinateSystem\Graph.cpp">
      <Filter>sfgmk\Math</Filter>
    </ClCompile>
    <ClCompile Include="SF_GMK\Math\Curb\CoordinateSystem\GraphCurb.cpp">
      <Filter>sfgmk\Math</Filter>
    </ClCompile>
    <ClCompile Include="SF_GMK\Math\Curb\Bezier.cpp">
      <Filter>sfgmk\Math</Filter>
    </ClCompile>
    <ClCompile Include="SF_GMK\Math\Curb\CatmullRom.cpp">
      <Filter>sfgmk\Math</Filter>
    </ClCompile>
    <ClCompile Include="SF_GMK\Math\Curb\Curb.cpp">
      <Filter>sfgmk\Math</Filter>
    </ClCompile>
    <ClCompile Include="SF_GMK\Math\Matrix\Matrix22.cpp">
      <Filter>sfgmk\Math</Filter>
    </ClCompile>
    <ClCompile Include="SF_GMK\Math\Matrix\MatrixRotation22.cpp">
      <Filter>sfgmk\Math</Filter>
    </ClCompile>
    <ClCompile Include="SF_GMK\Math\Math.cpp">
      <Filter>sfgmk\Math</Filter>
    </ClCompile>
    <ClCompile Include="SF_GMK\Tool\Parser\Parser.cpp">
      <Filter>sfgmk\Parser</Filter>
    </ClCompile>
    <ClCompile Include="SF_GMK\Tool\Function.cpp">
      <Filter>sfgmk\Function</Filter>
    </ClCompile>
    <ClCompile Include="SF_GMK\Tool\GenericList.cpp">
      <Filter>sfgmk\DesignPattern</Filter>
    </ClCompile>
    <ClCompile Include="SF_GMK\Physic\Collider.cpp">
      <Filter>sfgmk\Physic</Filter>
    </ClCompile>
    <ClCompile Include="SF_GMK\Physic\ObbCollider.cpp">
      <Filter>sfgmk\Physic</Filter>
    </ClCompile>
    <ClCompile Include="SF_GMK\Physic\SphereCollider.cpp">
      <Filter>sfgmk\Physic</Filter>
    </ClCompile>
  </ItemGroup>
  <ItemGroup>
    <ClInclude Include="stdafx.h">
      <Filter>sfgmk</Filter>
    </ClInclude>
    <ClInclude Include="SF_GMK\Engine\Core\Core.hpp" />
    <ClInclude Include="SF_GMK\Engine\Core\GameManager.hpp">
      <Filter>sfgmk\GameManager</Filter>
    </ClInclude>
    <ClInclude Include="SF_GMK\Engine\Manager\DataManager\DataManager.hpp">
      <Filter>sfgmk\DataManager</Filter>
    </ClInclude>
    <ClInclude Include="SF_GMK\Engine\Manager\DebugManager\Console.hpp">
      <Filter>sfgmk\Console</Filter>
    </ClInclude>
    <ClInclude Include="SF_GMK\Engine\Manager\EntityManager\EntityManager.hpp" />
    <ClInclude Include="SF_GMK\Engine\Manager\GraphicManager\Camera.hpp">
      <Filter>sfgmk\Camera</Filter>
    </ClInclude>
    <ClInclude Include="SF_GMK\Engine\Manager\GraphicManager\GraphicManager.hpp" />
    <ClInclude Include="SF_GMK\Engine\Manager\GraphicManager\Parallaxe.hpp">
      <Filter>sfgmk\Camera</Filter>
    </ClInclude>
    <ClInclude Include="SF_GMK\Engine\Manager\InputManager\InputManager.hpp">
      <Filter>sfgmk\Input</Filter>
    </ClInclude>
    <ClInclude Include="SF_GMK\Engine\Manager\InputManager\Joystick.hpp">
      <Filter>sfgmk\Input</Filter>
    </ClInclude>
    <ClInclude Include="SF_GMK\Engine\Manager\InputManager\Keyboard.hpp">
      <Filter>sfgmk\Input</Filter>
    </ClInclude>
    <ClInclude Include="SF_GMK\Engine\Manager\InputManager\Mouse.hpp">
      <Filter>sfgmk\Input</Filter>
    </ClInclude>
    <ClInclude Include="SF_GMK\Engine\Manager\PhysicManager\PhysicManager.hpp">
      <Filter>sfgmk\Physic</Filter>
    </ClInclude>
    <ClInclude Include="SF_GMK\Engine\Manager\SoundManager\SoundManager.hpp">
      <Filter>sfgmk\SoundManager</Filter>
    </ClInclude>
    <ClInclude Include="SF_GMK\Engine\Manager\StateMachineManager\LoadingState\StateLoading.hpp">
      <Filter>sfgmk\StateMachine\State</Filter>
    </ClInclude>
    <ClInclude Include="SF_GMK\Engine\Manager\StateMachineManager\State.hpp">
      <Filter>sfgmk\StateMachine</Filter>
    </ClInclude>
    <ClInclude Include="SF_GMK\Engine\Manager\StateMachineManager\StateMachine.hpp">
      <Filter>sfgmk\StateMachine</Filter>
    </ClInclude>
    <ClInclude Include="SF_GMK\Engine\Manager\StateMachineManager\StateMachineManager.hpp" />
    <ClInclude Include="SF_GMK\Entity\Transformation\EntityTransformation.hpp">
      <Filter>sfgmk\Entity\Transformation</Filter>
    </ClInclude>
    <ClInclude Include="SF_GMK\Entity\Transformation\TransformationBezier.hpp">
      <Filter>sfgmk\Entity\Transformation\Curbs</Filter>
    </ClInclude>
    <ClInclude Include="SF_GMK\Entity\Transformation\TransformationInterpolation.hpp">
      <Filter>sfgmk\Entity\Transformation\Curbs</Filter>
    </ClInclude>
    <ClInclude Include="SF_GMK\Entity\Transformation\TransformationRotation.hpp">
      <Filter>sfgmk\Entity\Transformation\Basics Transformations</Filter>
    </ClInclude>
    <ClInclude Include="SF_GMK\Entity\Transformation\TransformationTranslation.hpp">
      <Filter>sfgmk\Entity\Transformation\Basics Transformations</Filter>
    </ClInclude>
    <ClInclude Include="SF_GMK\Entity\Entity.hpp">
      <Filter>sfgmk\Entity</Filter>
    </ClInclude>
    <ClInclude Include="SF_GMK\Entity\EntityWithPv.hpp">
      <Filter>sfgmk\Entity</Filter>
    </ClInclude>
    <ClInclude Include="SF_GMK\Graphic\FX\Grid\BlackHole.hpp">
      <Filter>sfgmk\Effect\Grid</Filter>
    </ClInclude>
    <ClInclude Include="SF_GMK\Graphic\FX\Grid\Grid.hpp">
      <Filter>sfgmk\Effect\Grid</Filter>
    </ClInclude>
    <ClInclude Include="SF_GMK\Graphic\FX\Grid\PointMass.hpp">
      <Filter>sfgmk\Effect\Grid</Filter>
    </ClInclude>
    <ClInclude Include="SF_GMK\Graphic\FX\Grid\Spring.hpp">
      <Filter>sfgmk\Effect\Grid</Filter>
    </ClInclude>
    <ClInclude Include="SF_GMK\Graphic\FX\LightningBolt\LightningBolt.hpp">
      <Filter>sfgmk\Effect\Lightning bolt</Filter>
    </ClInclude>
    <ClInclude Include="SF_GMK\Graphic\FX\Shader\Bloom.hpp">
      <Filter>sfgmk\Effect\Grid</Filter>
    </ClInclude>
    <ClInclude Include="SF_GMK\Graphic\FX\Shader\PostShader.hpp">
      <Filter>sfgmk\Shader\PostShader</Filter>
    </ClInclude>
    <ClInclude Include="SF_GMK\Graphic\FX\Shader\ShaderWave.hpp">
      <Filter>sfgmk\Shader\PostShader</Filter>
    </ClInclude>
    <ClInclude Include="SF_GMK\Graphic\FX\Text\FxText.hpp">
      <Filter>sfgmk\Effect\Text</Filter>
    </ClInclude>
    <ClInclude Include="SF_GMK\Graphic\FX\Text\LightningText.hpp">
      <Filter>sfgmk\Effect\Text</Filter>
    </ClInclude>
    <ClInclude Include="SF_GMK\Graphic\Animation.hpp">
      <Filter>sfgmk\Sprite</Filter>
    </ClInclude>
    <ClInclude Include="SF_GMK\Graphic\Sprite.hpp">
      <Filter>sfgmk\Sprite</Filter>
    </ClInclude>
    <ClInclude Include="SF_GMK\Math\Curb\CoordinateSystem\Graph.hpp">
      <Filter>sfgmk\Math</Filter>
    </ClInclude>
    <ClInclude Include="SF_GMK\Math\Curb\CoordinateSystem\GraphCurb.hpp">
      <Filter>sfgmk\Math</Filter>
    </ClInclude>
    <ClInclude Include="SF_GMK\Math\Curb\Bezier.hpp">
      <Filter>sfgmk\Math</Filter>
    </ClInclude>
    <ClInclude Include="SF_GMK\Math\Curb\CatmullRom.hpp">
      <Filter>sfgmk\Math</Filter>
    </ClInclude>
    <ClInclude Include="SF_GMK\Math\Curb\Curb.hpp">
      <Filter>sfgmk\Math</Filter>
    </ClInclude>
    <ClInclude Include="SF_GMK\Math\Matrix\Matrix22.hpp">
      <Filter>sfgmk\Math</Filter>
    </ClInclude>
    <ClInclude Include="SF_GMK\Math\Matrix\MatrixRotation22.hpp">
      <Filter>sfgmk\Math</Filter>
    </ClInclude>
    <ClInclude Include="SF_GMK\Math\Math.hpp">
      <Filter>sfgmk\Math</Filter>
    </ClInclude>
    <ClInclude Include="SF_GMK\Tool\DesignPattern\SingletonTemplate.hpp">
      <Filter>sfgmk\DesignPattern</Filter>
    </ClInclude>
    <ClInclude Include="SF_GMK\Tool\Parser\Parser.hpp">
      <Filter>sfgmk\Parser</Filter>
    </ClInclude>
    <ClInclude Include="SF_GMK\Tool\DynamicArray.hpp">
      <Filter>sfgmk\DesignPattern</Filter>
    </ClInclude>
    <ClInclude Include="SF_GMK\Tool\Function.hpp">
      <Filter>sfgmk\Function</Filter>
    </ClInclude>
    <ClInclude Include="SF_GMK\Tool\GenericList.hpp">
      <Filter>sfgmk\DesignPattern</Filter>
    </ClInclude>
    <ClInclude Include="SF_GMK\Tool\ThreadTemplate.hpp">
      <Filter>sfgmk\DesignPattern</Filter>
    </ClInclude>
    <ClInclude Include="SF_GMK\SF_GMK.hpp" />
    <ClInclude Include="SF_GMK\Physic\Collider.hpp">
      <Filter>sfgmk\Physic</Filter>
    </ClInclude>
    <ClInclude Include="SF_GMK\Physic\ObbCollider.hpp">
      <Filter>sfgmk\Physic</Filter>
    </ClInclude>
    <ClInclude Include="SF_GMK\Physic\SphereCollider.hpp">
      <Filter>sfgmk\Physic</Filter>
    </ClInclude>
  </ItemGroup>
</Project>