<?xml version="1.0" encoding="utf-8"?>
<Project ToolsVersion="4.0" xmlns="http://schemas.microsoft.com/developer/msbuild/2003">
  <ItemGroup>
    <ClCompile Include="SF_GMK_Project.cpp" />
    <ClCompile Include="stdafx.cpp" />
    <ClCompile Include="Game\States\Game.cpp" />
    <ClCompile Include="Game\States\Menu.cpp" />
  </ItemGroup>
  <ItemGroup>
    <ClInclude Include="stdafx.h" />
    <ClInclude Include="Game\IncludesProjet.hpp" />
    <ClInclude Include="Game\Goomba.hpp" />
    <ClInclude Include="Game\States\Game.hpp" />
    <ClInclude Include="Game\States\Menu.hpp" />
  </ItemGroup>
</Project>